{
    "hash": "26b9c685f5121cba9fc3c3e2374ea666",
    "packages": [
        {
            "package": "kriswallsmith\/buzz",
            "version": "master-dev"
        },
        {
            "package": "behat\/sahi-client",
            "version": "master-dev"
        },
        {
            "package": "symfony\/yaml",
            "version": "2.1.0-dev"
        },
        {
            "package": "symfony\/config",
            "version": "2.1.0-dev"
        },
        {
            "package": "symfony\/translation",
            "version": "2.1.0-dev"
        },
        {
            "package": "symfony\/event-dispatcher",
            "version": "2.1.0-dev"
        },
        {
            "package": "symfony\/dependency-injection",
            "version": "2.1.0-dev"
        },
        {
            "package": "symfony\/console",
            "version": "2.1.0-dev"
        },
        {
            "package": "alexandresalome\/php-selenium",
            "version": "master-dev"
        },
        {
            "package": "facebook\/php-webdriver",
            "version": "master-dev"
        },
        {
            "package": "behat\/mink",
            "version": "master-dev"
        },
        {
            "package": "behat\/gherkin",
            "version": "v2.0.1"
        },
        {
            "package": "behat\/behat",
            "version": "master-dev"
        },
        {
            "package": "mockery\/mockery",
            "version": "0.7.3-dev"
        },
        {
            "package": "symfony\/process",
            "version": "2.1.0-dev"
        },
        {
            "package": "symfony\/finder",
            "version": "2.1.0-dev"
        },
        {
            "package": "symfony\/css-selector",
            "version": "2.1.0-dev"
        },
        {
            "package": "symfony\/dom-crawler",
            "version": "2.1.0-dev"
        },
        {
            "package": "symfony\/browser-kit",
            "version": "2.1.0-dev"
        },
        {
            "package": "zendframework\/zend-registry",
            "version": "2.0.0beta1"
        },
        {
            "package": "zendframework\/zend-loader",
            "version": "2.0.0beta1"
        },
        {
            "package": "zendframework\/zend-stdlib",
            "version": "2.0.0beta1"
        },
        {
            "package": "zendframework\/zend-validator",
            "version": "2.0.0beta1"
        },
        {
            "package": "zendframework\/zend-http",
            "version": "2.0.0beta1"
        },
        {
            "package": "zendframework\/zend-uri",
            "version": "2.0.0beta1"
        },
        {
            "package": "phpspec\/phpspec",
            "version": "master-dev"
        },
        {
            "package": "fabpot\/goutte",
            "version": "master-dev"
        }
    ]
}